
Microsoft Visual Studio Solution File, Format Version 12.00
# Visual Studio Version 17
VisualStudioVersion = 17.12.35707.178
MinimumVisualStudioVersion = 10.0.40219.1
Project("{FAE04EC0-301F-11D3-BF4B-00C04F79EFBC}") = "SwagMatch.Core", "..\SwagMatch\Core\SwagMatch.Core.csproj", "{CF6441F3-A420-4CAD-9B14-D2DA37FC993B}"
EndProject
Project("{FAE04EC0-301F-11D3-BF4B-00C04F79EFBC}") = "SwagMatch.CLI", "..\SwagMatch\CLI\SwagMatch.CLI.csproj", "{801BCD9E-2766-409A-B48C-143B8342B42A}"
EndProject
Global
	GlobalSection(SolutionConfigurationPlatforms) = preSolution
		Debug|Any CPU = Debug|Any CPU
		Release|Any CPU = Release|Any CPU
	EndGlobalSection
	GlobalSection(ProjectConfigurationPlatforms) = postSolution
		{CF6441F3-A420-4CAD-9B14-D2DA37FC993B}.Debug|Any CPU.ActiveCfg = Debug|Any CPU
		{CF6441F3-A420-4CAD-9B14-D2DA37FC993B}.Debug|Any CPU.Build.0 = Debug|Any CPU
		{CF6441F3-A420-4CAD-9B14-D2DA37FC993B}.Release|Any CPU.ActiveCfg = Release|Any CPU
		{CF6441F3-A420-4CAD-9B14-D2DA37FC993B}.Release|Any CPU.Build.0 = Release|Any CPU
		{801BCD9E-2766-409A-B48C-143B8342B42A}.Debug|Any CPU.ActiveCfg = Debug|Any CPU
		{801BCD9E-2766-409A-B48C-143B8342B42A}.Debug|Any CPU.Build.0 = Debug|Any CPU
		{801BCD9E-2766-409A-B48C-143B8342B42A}.Release|Any CPU.ActiveCfg = Release|Any CPU
		{801BCD9E-2766-409A-B48C-143B8342B42A}.Release|Any CPU.Build.0 = Release|Any CPU
	EndGlobalSection
	GlobalSection(SolutionProperties) = preSolution
		HideSolutionNode = FALSE
	EndGlobalSection
EndGlobal
